{
  "version": 4,
  "terraform_version": "0.12.24",
  "serial": 8,
  "lineage": "e7ae9ea9-e75a-f9af-7337-b5617decdb30",
  "outputs": {},
  "resources": [
    {
      "mode": "managed",
      "type": "lxd_cached_image",
      "name": "ubuntu2004",
      "provider": "provider.lxd",
      "instances": [
        {
          "schema_version": 0,
          "attributes": {
            "aliases": [],
            "architecture": "x86_64",
            "copied_aliases": [],
            "copy_aliases": false,
            "created_at": 1588550400,
            "fingerprint": "647a85725003d873f8bb9a5bd1a09bdc7fd4bcb393b2cf629f7e0edaa58f5637",
            "id": "lxd-server-1/647a85725003d873f8bb9a5bd1a09bdc7fd4bcb393b2cf629f7e0edaa58f5637",
            "remote": null,
            "source_image": "20.04",
            "source_remote": "ubuntu"
          },
          "private": "bnVsbA=="
        }
      ]
    },
    {
      "mode": "managed",
      "type": "lxd_container",
      "name": "gateway",
      "provider": "provider.lxd",
      "instances": []
    }
  ]
}
