{
  "version": 4,
  "terraform_version": "0.12.24",
  "serial": 6,
  "lineage": "7c06a2ef-cf63-4897-7e88-7b578b32134c",
  "outputs": {},
  "resources": [
    {
      "mode": "data",
      "type": "google_dns_keys",
      "name": "ministackdev_dns_keys",
      "provider": "provider.google",
      "instances": [
        {
          "schema_version": 0,
          "attributes": {
            "id": "projects/ministackdev/managedZones/ministackdev",
            "key_signing_keys": [
              {
                "algorithm": "rsasha256",
                "creation_time": "2020-05-04T01:56:26.086Z",
                "description": "",
                "digests": [
                  {
                    "digest": "25BCC37DD2335C0E5397F26C89DEF059EFC977785822BE096A69D878DC5B0513",
                    "type": "sha256"
                  }
                ],
                "ds_record": "58319 8 2 25BCC37DD2335C0E5397F26C89DEF059EFC977785822BE096A69D878DC5B0513",
                "id": "0",
                "is_active": true,
                "key_length": 2048,
                "key_tag": 58319,
                "public_key": "AwEAAaf27obotJqmNuimzj+r66e7+NnqATfjBeF2R9iY0nvjAME+HN2P6xnER1XTbDADx4ZQ0i7UdIeMSK3LsUaQZcD/B73U8cgsLvh4LKeZFilM8Ro5RlfSxATFZcxIVvO8JuN0zAUHd12okPUa9OooMHi2qpE+Xs3OS4LVAwKXUFplKF39MAMnu8sc0V1sklFENSCgCN4EZ/1VxbON3Ue025ViT+Ysnqrij6L9YC8VGg4524omgmPEhwWTQGeM5BtPRoVzLf0qO5JLRek1oqdWsCteHuP7vPhVSA+P4bOr1I2/USrgs6066q65vyVvvc1AxfGsgTtXhv7CCvlbDdCBOdE="
              }
            ],
            "managed_zone": "projects/ministackdev/managedZones/ministackdev",
            "project": "ministackdev",
            "zone_signing_keys": [
              {
                "algorithm": "rsasha256",
                "creation_time": "2020-05-04T01:56:26.221Z",
                "description": "",
                "digests": [],
                "id": "1",
                "is_active": true,
                "key_length": 1024,
                "key_tag": 44203,
                "public_key": "AwEAAdFLlq4AHezOJuJGhCYTCs7Z87XNedPIMko/Fs9HJEqAFtDNiyyvp8xbqQf1GxLnXEALe0Mm4gxa4v4a78p0XE7GT6iNHwCtrk4mW1DkA4UeK3kwxAAp8cziY9uM8kd3S9qFrGsNOigrzvVmGG95igfznVpQCmf9M7kZHR0XTcoH"
              }
            ]
          }
        }
      ]
    },
    {
      "mode": "managed",
      "type": "google_dns_managed_zone",
      "name": "ministackdev",
      "provider": "provider.google",
      "instances": [
        {
          "schema_version": 0,
          "attributes": {
            "description": "Ministack Dev Domain",
            "dns_name": "ministack.dev.",
            "dnssec_config": [
              {
                "default_key_specs": [
                  {
                    "algorithm": "rsasha256",
                    "key_length": 2048,
                    "key_type": "keySigning",
                    "kind": "dns#dnsKeySpec"
                  },
                  {
                    "algorithm": "rsasha256",
                    "key_length": 1024,
                    "key_type": "zoneSigning",
                    "kind": "dns#dnsKeySpec"
                  }
                ],
                "kind": "dns#managedZoneDnsSecConfig",
                "non_existence": "nsec3",
                "state": "on"
              }
            ],
            "id": "projects/ministackdev/managedZones/ministackdev",
            "labels": {
              "deployment": "dev"
            },
            "name": "ministackdev",
            "name_servers": [
              "ns-cloud-b1.googledomains.com.",
              "ns-cloud-b2.googledomains.com.",
              "ns-cloud-b3.googledomains.com.",
              "ns-cloud-b4.googledomains.com."
            ],
            "private_visibility_config": [],
            "project": "ministackdev",
            "timeouts": null,
            "visibility": "public"
          },
          "private": "eyJlMmJmYjczMC1lY2FhLTExZTYtOGY4OC0zNDM2M2JjN2M0YzAiOnsiY3JlYXRlIjoyNDAwMDAwMDAwMDAsImRlbGV0ZSI6MjQwMDAwMDAwMDAwLCJ1cGRhdGUiOjI0MDAwMDAwMDAwMH19"
        }
      ]
    }
  ]
}
