{
  "version": 4,
  "terraform_version": "0.12.24",
  "serial": 3,
  "lineage": "7c06a2ef-cf63-4897-7e88-7b578b32134c",
  "outputs": {},
  "resources": [
    {
      "mode": "managed",
      "type": "google_dns_managed_zone",
      "name": "ministackdev",
      "provider": "provider.google",
      "instances": [
        {
          "schema_version": 0,
          "attributes": {
            "description": "Ministack Dev Domain",
            "dns_name": "ministack.dev.",
            "dnssec_config": [],
            "id": "projects/ministackdev/managedZones/ministackdev",
            "labels": {
              "deployment": "dev"
            },
            "name": "ministackdev",
            "name_servers": [
              "ns-cloud-b1.googledomains.com.",
              "ns-cloud-b2.googledomains.com.",
              "ns-cloud-b3.googledomains.com.",
              "ns-cloud-b4.googledomains.com."
            ],
            "private_visibility_config": [],
            "project": "ministackdev",
            "timeouts": null,
            "visibility": "public"
          },
          "private": "eyJlMmJmYjczMC1lY2FhLTExZTYtOGY4OC0zNDM2M2JjN2M0YzAiOnsiY3JlYXRlIjoyNDAwMDAwMDAwMDAsImRlbGV0ZSI6MjQwMDAwMDAwMDAwLCJ1cGRhdGUiOjI0MDAwMDAwMDAwMH19"
        }
      ]
    }
  ]
}
